
Microsoft Visual Studio Solution File, Format Version 12.00
# Visual Studio Version 16
VisualStudioVersion = 16.0.30330.147
MinimumVisualStudioVersion = 10.0.40219.1
Project("{FAE04EC0-301F-11D3-BF4B-00C04F79EFBC}") = "Sudoku", "Sudoku.csproj", "{5EE1CFB4-4DE4-4091-A81A-C4DCE2310F05}"
EndProject
Global
	GlobalSection(SolutionConfigurationPlatforms) = preSolution
		Debug|Any CPU = Debug|Any CPU
		Release|Any CPU = Release|Any CPU
	EndGlobalSection
	GlobalSection(ProjectConfigurationPlatforms) = postSolution
		{5EE1CFB4-4DE4-4091-A81A-C4DCE2310F05}.Debug|Any CPU.ActiveCfg = Debug|Any CPU
		{5EE1CFB4-4DE4-4091-A81A-C4DCE2310F05}.Debug|Any CPU.Build.0 = Debug|Any CPU
		{5EE1CFB4-4DE4-4091-A81A-C4DCE2310F05}.Release|Any CPU.ActiveCfg = Release|Any CPU
		{5EE1CFB4-4DE4-4091-A81A-C4DCE2310F05}.Release|Any CPU.Build.0 = Release|Any CPU
	EndGlobalSection
	GlobalSection(SolutionProperties) = preSolution
		HideSolutionNode = FALSE
	EndGlobalSection
	GlobalSection(ExtensibilityGlobals) = postSolution
		SolutionGuid = {92B98528-D138-4773-AD39-166A0B91E2C6}
	EndGlobalSection
EndGlobal
